// !$*UTF8*$!
{
	archiveVersion = 1;
	classes = {
	};
	objectVersion = 52;
	objects = {

/* Begin PBXBuildFile section */
		012C422220B711A3007EC314 /* AppConfiguration.swift in Sources */ = {isa = PBXBuildFile; fileRef = 012C422120B711A3007EC314 /* AppConfiguration.swift */; };
		012C422720B71493007EC314 /* .swiftlint.yml in Resources */ = {isa = PBXBuildFile; fileRef = 012C422620B71493007EC314 /* .swiftlint.yml */; };
		012C422F20B71743007EC314 /* DBCountry.swift in Sources */ = {isa = PBXBuildFile; fileRef = 012C422E20B71743007EC314 /* DBCountry.swift */; };
		012C423120B7175B007EC314 /* Country.swift in Sources */ = {isa = PBXBuildFile; fileRef = 012C423020B7175B007EC314 /* Country.swift */; };
		012C423A20B71961007EC314 /* CountryDAO.swift in Sources */ = {isa = PBXBuildFile; fileRef = 012C423920B71961007EC314 /* CountryDAO.swift */; };
		012C424620B71A26007EC314 /* RealmDAO.swift in Sources */ = {isa = PBXBuildFile; fileRef = 012C424520B71A26007EC314 /* RealmDAO.swift */; };
		0150F57E20CA7CE40017F90F /* AppViewController.swift in Sources */ = {isa = PBXBuildFile; fileRef = 0150F57D20CA7CE40017F90F /* AppViewController.swift */; };
		0150F58020CA7EC30017F90F /* AppViewModel.swift in Sources */ = {isa = PBXBuildFile; fileRef = 0150F57F20CA7EC30017F90F /* AppViewModel.swift */; };
		0167BD9A20C0102300F44946 /* ModelMapper.swift in Sources */ = {isa = PBXBuildFile; fileRef = 0167BD9920C0102300F44946 /* ModelMapper.swift */; };
		0167BD9C20C0102C00F44946 /* CountryMapper.swift in Sources */ = {isa = PBXBuildFile; fileRef = 0167BD9B20C0102C00F44946 /* CountryMapper.swift */; };
		016FB75C20CACB7F00946025 /* LaunchScreen.storyboard in Resources */ = {isa = PBXBuildFile; fileRef = 016FB75B20CACB7F00946025 /* LaunchScreen.storyboard */; };
		016FB75E20CACCE400946025 /* LoginViewModel.swift in Sources */ = {isa = PBXBuildFile; fileRef = 016FB75D20CACCE400946025 /* LoginViewModel.swift */; };
		018A1E9E20CABADE00BDC03D /* WelcomeViewModel.swift in Sources */ = {isa = PBXBuildFile; fileRef = 018A1E9D20CABADE00BDC03D /* WelcomeViewModel.swift */; };
		018A1EA020CABE0A00BDC03D /* WelcomeNavigator.swift in Sources */ = {isa = PBXBuildFile; fileRef = 018A1E9F20CABE0A00BDC03D /* WelcomeNavigator.swift */; };
		018A1EA420CABF6B00BDC03D /* Login.storyboard in Resources */ = {isa = PBXBuildFile; fileRef = 018A1EA320CABF6B00BDC03D /* Login.storyboard */; };
		018A1EA620CABF9700BDC03D /* LoginViewController.swift in Sources */ = {isa = PBXBuildFile; fileRef = 018A1EA520CABF9700BDC03D /* LoginViewController.swift */; };
		019A889620BFF6AE0096C6C0 /* LoginRepository.swift in Sources */ = {isa = PBXBuildFile; fileRef = 019A889520BFF6AE0096C6C0 /* LoginRepository.swift */; };
		01A43EBF20BF35970068B0EC /* OAuth2Handler.swift in Sources */ = {isa = PBXBuildFile; fileRef = 01A43EBE20BF35970068B0EC /* OAuth2Handler.swift */; };
		01D8AC8720BC89E900D10081 /* CountriesAPIClient.swift in Sources */ = {isa = PBXBuildFile; fileRef = 01D8AC8620BC89E900D10081 /* CountriesAPIClient.swift */; };
		01D8AC8920BC8E7600D10081 /* ApiClient.swift in Sources */ = {isa = PBXBuildFile; fileRef = 01D8AC8820BC8E7600D10081 /* ApiClient.swift */; };
		01D8AC8E20BCA20300D10081 /* Countries.swift in Sources */ = {isa = PBXBuildFile; fileRef = 01D8AC8D20BCA20300D10081 /* Countries.swift */; };
		01D8AC9020BCB1D700D10081 /* AccessToken.swift in Sources */ = {isa = PBXBuildFile; fileRef = 01D8AC8F20BCB1D700D10081 /* AccessToken.swift */; };
		01D8AC9720BD1E4000D10081 /* SessionStore.swift in Sources */ = {isa = PBXBuildFile; fileRef = 01D8AC9620BD1E4000D10081 /* SessionStore.swift */; };
		01DBF24620B6FC1600DCEF1B /* AppDelegate.swift in Sources */ = {isa = PBXBuildFile; fileRef = 01DBF24520B6FC1600DCEF1B /* AppDelegate.swift */; };
		01DBF24820B6FC1600DCEF1B /* WelcomeViewController.swift in Sources */ = {isa = PBXBuildFile; fileRef = 01DBF24720B6FC1600DCEF1B /* WelcomeViewController.swift */; };
		01DBF24B20B6FC1600DCEF1B /* Welcome.storyboard in Resources */ = {isa = PBXBuildFile; fileRef = 01DBF24920B6FC1600DCEF1B /* Welcome.storyboard */; };
		01DBF24D20B6FC1600DCEF1B /* Assets.xcassets in Resources */ = {isa = PBXBuildFile; fileRef = 01DBF24C20B6FC1600DCEF1B /* Assets.xcassets */; };
		01DF1C8E20E8D46F005CE550 /* Home.storyboard in Resources */ = {isa = PBXBuildFile; fileRef = 01DF1C8D20E8D46F005CE550 /* Home.storyboard */; };
		01DF1C9020E8D48C005CE550 /* CountriesViewController.swift in Sources */ = {isa = PBXBuildFile; fileRef = 01DF1C8F20E8D48C005CE550 /* CountriesViewController.swift */; };
		01DF1C9220E8D4AD005CE550 /* CountriesViewModel.swift in Sources */ = {isa = PBXBuildFile; fileRef = 01DF1C9120E8D4AD005CE550 /* CountriesViewModel.swift */; };
		01DF1C9420E8D5BA005CE550 /* LoginNavigator.swift in Sources */ = {isa = PBXBuildFile; fileRef = 01DF1C9320E8D5BA005CE550 /* LoginNavigator.swift */; };
		01DF1C9620E8D7B2005CE550 /* AppStoryboard.swift in Sources */ = {isa = PBXBuildFile; fileRef = 01DF1C9520E8D7B2005CE550 /* AppStoryboard.swift */; };
		01DF1C9820E8D7FA005CE550 /* UIViewController+Storyboard.swift in Sources */ = {isa = PBXBuildFile; fileRef = 01DF1C9720E8D7FA005CE550 /* UIViewController+Storyboard.swift */; };
		01DF1C9A20E8DFC6005CE550 /* CountriesRepository.swift in Sources */ = {isa = PBXBuildFile; fileRef = 01DF1C9920E8DFC6005CE550 /* CountriesRepository.swift */; };
		600C07E1216B8AF6004B55C4 /* Registration.storyboard in Resources */ = {isa = PBXBuildFile; fileRef = 600C07E0216B8AF6004B55C4 /* Registration.storyboard */; };
		600C07E3216B8D3D004B55C4 /* RegistrationViewController.swift in Sources */ = {isa = PBXBuildFile; fileRef = 600C07E2216B8D3D004B55C4 /* RegistrationViewController.swift */; };
		600C07E5216B8D84004B55C4 /* RegistrationViewModel.swift in Sources */ = {isa = PBXBuildFile; fileRef = 600C07E4216B8D84004B55C4 /* RegistrationViewModel.swift */; };
		600C07E7216B8E18004B55C4 /* UserRepository.swift in Sources */ = {isa = PBXBuildFile; fileRef = 600C07E6216B8E18004B55C4 /* UserRepository.swift */; };
		600C07E9216B90EE004B55C4 /* UserApiClient.swift in Sources */ = {isa = PBXBuildFile; fileRef = 600C07E8216B90EE004B55C4 /* UserApiClient.swift */; };
		600C07EB216B912F004B55C4 /* User.swift in Sources */ = {isa = PBXBuildFile; fileRef = 600C07EA216B912F004B55C4 /* User.swift */; };
		600C07ED216B94E3004B55C4 /* DBUser.swift in Sources */ = {isa = PBXBuildFile; fileRef = 600C07EC216B94E3004B55C4 /* DBUser.swift */; };
		600C07EF216B95CB004B55C4 /* UserDAO.swift in Sources */ = {isa = PBXBuildFile; fileRef = 600C07EE216B95CB004B55C4 /* UserDAO.swift */; };
		600C07F1216B96AA004B55C4 /* UserMapper.swift in Sources */ = {isa = PBXBuildFile; fileRef = 600C07F0216B96AA004B55C4 /* UserMapper.swift */; };
		601D7A7D2173362800C143A5 /* AppNavigator.swift in Sources */ = {isa = PBXBuildFile; fileRef = 601D7A7C2173362800C143A5 /* AppNavigator.swift */; };
		601D7A7F21733E3400C143A5 /* RegistrationNavigator.swift in Sources */ = {isa = PBXBuildFile; fileRef = 601D7A7E21733E3400C143A5 /* RegistrationNavigator.swift */; };
		601D7A812173419B00C143A5 /* CountriesRepositoryFactory.swift in Sources */ = {isa = PBXBuildFile; fileRef = 601D7A802173419B00C143A5 /* CountriesRepositoryFactory.swift */; };
		601D7A832173426C00C143A5 /* WelcomeViewModelFactory.swift in Sources */ = {isa = PBXBuildFile; fileRef = 601D7A822173426C00C143A5 /* WelcomeViewModelFactory.swift */; };
		601D7A85217343FA00C143A5 /* LoginViewModelFactory.swift in Sources */ = {isa = PBXBuildFile; fileRef = 601D7A84217343FA00C143A5 /* LoginViewModelFactory.swift */; };
		601D7A87217344A200C143A5 /* CountriesViewModelFactory.swift in Sources */ = {isa = PBXBuildFile; fileRef = 601D7A86217344A200C143A5 /* CountriesViewModelFactory.swift */; };
		601D7A892173450100C143A5 /* HomeNavigator.swift in Sources */ = {isa = PBXBuildFile; fileRef = 601D7A882173450100C143A5 /* HomeNavigator.swift */; };
		601D7A91217355A600C143A5 /* UserViewController.swift in Sources */ = {isa = PBXBuildFile; fileRef = 601D7A90217355A600C143A5 /* UserViewController.swift */; };
		601D7A93217355D100C143A5 /* UserViewModel.swift in Sources */ = {isa = PBXBuildFile; fileRef = 601D7A92217355D100C143A5 /* UserViewModel.swift */; };
		607EE609218488FD00DC6FED /* WelcomeViewModelTest.swift in Sources */ = {isa = PBXBuildFile; fileRef = 607EE608218488FD00DC6FED /* WelcomeViewModelTest.swift */; };
		607EE61421848A8500DC6FED /* WelcomeNavigatorMock.swift in Sources */ = {isa = PBXBuildFile; fileRef = 607EE61321848A8500DC6FED /* WelcomeNavigatorMock.swift */; };
		607EE61621848AFB00DC6FED /* SessionStoreMock.swift in Sources */ = {isa = PBXBuildFile; fileRef = 607EE61521848AFB00DC6FED /* SessionStoreMock.swift */; };
		607EE61821849DEA00DC6FED /* AppNavigatorMock.swift in Sources */ = {isa = PBXBuildFile; fileRef = 607EE61721849DEA00DC6FED /* AppNavigatorMock.swift */; };
		607EE61A2184A32000DC6FED /* CountriesApiClientMock.swift in Sources */ = {isa = PBXBuildFile; fileRef = 607EE6192184A32000DC6FED /* CountriesApiClientMock.swift */; };
		607EE61C2184A44700DC6FED /* CountriesViewModelTest.swift in Sources */ = {isa = PBXBuildFile; fileRef = 607EE61B2184A44700DC6FED /* CountriesViewModelTest.swift */; };
		60CC61192170DFD8001134DC /* UserRepositoryFactory.swift in Sources */ = {isa = PBXBuildFile; fileRef = 60CC61182170DFD8001134DC /* UserRepositoryFactory.swift */; };
		60CC611D2170EA95001134DC /* RegistrationViewModelFactory.swift in Sources */ = {isa = PBXBuildFile; fileRef = 60CC611C2170EA95001134DC /* RegistrationViewModelFactory.swift */; };
		7265293D25693FF500676A6E /* UserSignIn.swift in Sources */ = {isa = PBXBuildFile; fileRef = 7265293C25693FF500676A6E /* UserSignIn.swift */; };
		72652941256944C000676A6E /* EncodableExtension.swift in Sources */ = {isa = PBXBuildFile; fileRef = 72652940256944C000676A6E /* EncodableExtension.swift */; };
		72652950256944D500676A6E /* DataExtension.swift in Sources */ = {isa = PBXBuildFile; fileRef = 7265294F256944D500676A6E /* DataExtension.swift */; };
		726529562569458500676A6E /* KeyChainHelper.swift in Sources */ = {isa = PBXBuildFile; fileRef = 726529552569458500676A6E /* KeyChainHelper.swift */; };
		726AD74125691BA70067A34C /* TokenRequest.swift in Sources */ = {isa = PBXBuildFile; fileRef = 726AD74025691BA70067A34C /* TokenRequest.swift */; };
		726AD745256926B60067A34C /* AnyEncodable.swift in Sources */ = {isa = PBXBuildFile; fileRef = 726AD744256926B60067A34C /* AnyEncodable.swift */; };
		726AD74925693CA40067A34C /* userSignUp.swift in Sources */ = {isa = PBXBuildFile; fileRef = 726AD74825693CA40067A34C /* userSignUp.swift */; };
		729E02FA256949FA00178580 /* Alamofire in Frameworks */ = {isa = PBXBuildFile; productRef = 729E02F9256949FA00178580 /* Alamofire */; };
		729E02FF25694A3700178580 /* Bond in Frameworks */ = {isa = PBXBuildFile; productRef = 729E02FE25694A3700178580 /* Bond */; };
		729E030425694BB200178580 /* RealmSwift in Frameworks */ = {isa = PBXBuildFile; productRef = 729E030325694BB200178580 /* RealmSwift */; };
		729E030625694BB200178580 /* Realm in Frameworks */ = {isa = PBXBuildFile; productRef = 729E030525694BB200178580 /* Realm */; };
		729E030B25694CF200178580 /* AppCenterCrashes in Frameworks */ = {isa = PBXBuildFile; productRef = 729E030A25694CF200178580 /* AppCenterCrashes */; };
		729E030D25694CF200178580 /* AppCenterAnalytics in Frameworks */ = {isa = PBXBuildFile; productRef = 729E030C25694CF200178580 /* AppCenterAnalytics */; };
		729E031A2569538B00178580 /* AppError.swift in Sources */ = {isa = PBXBuildFile; fileRef = 01D8AC8B20BC8F9200D10081 /* AppError.swift */; };
/* End PBXBuildFile section */

/* Begin PBXContainerItemProxy section */
		607EE60B218488FD00DC6FED /* PBXContainerItemProxy */ = {
			isa = PBXContainerItemProxy;
			containerPortal = 01DBF23A20B6FC1600DCEF1B /* Project object */;
			proxyType = 1;
			remoteGlobalIDString = 01DBF24120B6FC1600DCEF1B;
			remoteInfo = SwiftTemplate;
		};
/* End PBXContainerItemProxy section */

/* Begin PBXFileReference section */
		012C422120B711A3007EC314 /* AppConfiguration.swift */ = {isa = PBXFileReference; lastKnownFileType = sourcecode.swift; path = AppConfiguration.swift; sourceTree = "<group>"; };
		012C422620B71493007EC314 /* .swiftlint.yml */ = {isa = PBXFileReference; lastKnownFileType = text; path = .swiftlint.yml; sourceTree = "<group>"; };
		012C422E20B71743007EC314 /* DBCountry.swift */ = {isa = PBXFileReference; lastKnownFileType = sourcecode.swift; path = DBCountry.swift; sourceTree = "<group>"; };
		012C423020B7175B007EC314 /* Country.swift */ = {isa = PBXFileReference; lastKnownFileType = sourcecode.swift; path = Country.swift; sourceTree = "<group>"; };
		012C423920B71961007EC314 /* CountryDAO.swift */ = {isa = PBXFileReference; fileEncoding = 4; lastKnownFileType = sourcecode.swift; path = CountryDAO.swift; sourceTree = "<group>"; };
		012C424520B71A26007EC314 /* RealmDAO.swift */ = {isa = PBXFileReference; lastKnownFileType = sourcecode.swift; path = RealmDAO.swift; sourceTree = "<group>"; };
		0150F57D20CA7CE40017F90F /* AppViewController.swift */ = {isa = PBXFileReference; lastKnownFileType = sourcecode.swift; path = AppViewController.swift; sourceTree = "<group>"; };
		0150F57F20CA7EC30017F90F /* AppViewModel.swift */ = {isa = PBXFileReference; lastKnownFileType = sourcecode.swift; path = AppViewModel.swift; sourceTree = "<group>"; };
		0167BD9920C0102300F44946 /* ModelMapper.swift */ = {isa = PBXFileReference; lastKnownFileType = sourcecode.swift; path = ModelMapper.swift; sourceTree = "<group>"; };
		0167BD9B20C0102C00F44946 /* CountryMapper.swift */ = {isa = PBXFileReference; lastKnownFileType = sourcecode.swift; path = CountryMapper.swift; sourceTree = "<group>"; };
		016FB75B20CACB7F00946025 /* LaunchScreen.storyboard */ = {isa = PBXFileReference; lastKnownFileType = file.storyboard; path = LaunchScreen.storyboard; sourceTree = "<group>"; };
		016FB75D20CACCE400946025 /* LoginViewModel.swift */ = {isa = PBXFileReference; lastKnownFileType = sourcecode.swift; path = LoginViewModel.swift; sourceTree = "<group>"; };
		018A1E9D20CABADE00BDC03D /* WelcomeViewModel.swift */ = {isa = PBXFileReference; lastKnownFileType = sourcecode.swift; path = WelcomeViewModel.swift; sourceTree = "<group>"; };
		018A1E9F20CABE0A00BDC03D /* WelcomeNavigator.swift */ = {isa = PBXFileReference; lastKnownFileType = sourcecode.swift; path = WelcomeNavigator.swift; sourceTree = "<group>"; };
		018A1EA320CABF6B00BDC03D /* Login.storyboard */ = {isa = PBXFileReference; lastKnownFileType = file.storyboard; path = Login.storyboard; sourceTree = "<group>"; };
		018A1EA520CABF9700BDC03D /* LoginViewController.swift */ = {isa = PBXFileReference; lastKnownFileType = sourcecode.swift; path = LoginViewController.swift; sourceTree = "<group>"; };
		019A889520BFF6AE0096C6C0 /* LoginRepository.swift */ = {isa = PBXFileReference; lastKnownFileType = sourcecode.swift; path = LoginRepository.swift; sourceTree = "<group>"; };
		01A43EBE20BF35970068B0EC /* OAuth2Handler.swift */ = {isa = PBXFileReference; lastKnownFileType = sourcecode.swift; path = OAuth2Handler.swift; sourceTree = "<group>"; };
		01D8AC8620BC89E900D10081 /* CountriesAPIClient.swift */ = {isa = PBXFileReference; lastKnownFileType = sourcecode.swift; path = CountriesAPIClient.swift; sourceTree = "<group>"; };
		01D8AC8820BC8E7600D10081 /* ApiClient.swift */ = {isa = PBXFileReference; lastKnownFileType = sourcecode.swift; path = ApiClient.swift; sourceTree = "<group>"; };
		01D8AC8B20BC8F9200D10081 /* AppError.swift */ = {isa = PBXFileReference; lastKnownFileType = sourcecode.swift; path = AppError.swift; sourceTree = "<group>"; };
		01D8AC8D20BCA20300D10081 /* Countries.swift */ = {isa = PBXFileReference; lastKnownFileType = sourcecode.swift; path = Countries.swift; sourceTree = "<group>"; };
		01D8AC8F20BCB1D700D10081 /* AccessToken.swift */ = {isa = PBXFileReference; lastKnownFileType = sourcecode.swift; path = AccessToken.swift; sourceTree = "<group>"; };
		01D8AC9620BD1E4000D10081 /* SessionStore.swift */ = {isa = PBXFileReference; lastKnownFileType = sourcecode.swift; path = SessionStore.swift; sourceTree = "<group>"; };
		01DBF24220B6FC1600DCEF1B /* SwiftTemplate.app */ = {isa = PBXFileReference; explicitFileType = wrapper.application; includeInIndex = 0; path = SwiftTemplate.app; sourceTree = BUILT_PRODUCTS_DIR; };
		01DBF24520B6FC1600DCEF1B /* AppDelegate.swift */ = {isa = PBXFileReference; lastKnownFileType = sourcecode.swift; path = AppDelegate.swift; sourceTree = "<group>"; };
		01DBF24720B6FC1600DCEF1B /* WelcomeViewController.swift */ = {isa = PBXFileReference; lastKnownFileType = sourcecode.swift; path = WelcomeViewController.swift; sourceTree = "<group>"; };
		01DBF24A20B6FC1600DCEF1B /* Base */ = {isa = PBXFileReference; lastKnownFileType = file.storyboard; name = Base; path = Base.lproj/Welcome.storyboard; sourceTree = "<group>"; };
		01DBF24C20B6FC1600DCEF1B /* Assets.xcassets */ = {isa = PBXFileReference; lastKnownFileType = folder.assetcatalog; path = Assets.xcassets; sourceTree = "<group>"; };
		01DBF25120B6FC1600DCEF1B /* Info.plist */ = {isa = PBXFileReference; lastKnownFileType = text.plist.xml; path = Info.plist; sourceTree = "<group>"; };
		01DBF26320B700DF00DCEF1B /* Test.xcconfig */ = {isa = PBXFileReference; lastKnownFileType = text.xcconfig; path = Test.xcconfig; sourceTree = "<group>"; };
		01DBF26420B7024A00DCEF1B /* Production.xcconfig */ = {isa = PBXFileReference; lastKnownFileType = text.xcconfig; path = Production.xcconfig; sourceTree = "<group>"; };
		01DF1C8D20E8D46F005CE550 /* Home.storyboard */ = {isa = PBXFileReference; lastKnownFileType = file.storyboard; path = Home.storyboard; sourceTree = "<group>"; };
		01DF1C8F20E8D48C005CE550 /* CountriesViewController.swift */ = {isa = PBXFileReference; lastKnownFileType = sourcecode.swift; path = CountriesViewController.swift; sourceTree = "<group>"; };
		01DF1C9120E8D4AD005CE550 /* CountriesViewModel.swift */ = {isa = PBXFileReference; lastKnownFileType = sourcecode.swift; path = CountriesViewModel.swift; sourceTree = "<group>"; };
		01DF1C9320E8D5BA005CE550 /* LoginNavigator.swift */ = {isa = PBXFileReference; lastKnownFileType = sourcecode.swift; path = LoginNavigator.swift; sourceTree = "<group>"; };
		01DF1C9520E8D7B2005CE550 /* AppStoryboard.swift */ = {isa = PBXFileReference; lastKnownFileType = sourcecode.swift; path = AppStoryboard.swift; sourceTree = "<group>"; };
		01DF1C9720E8D7FA005CE550 /* UIViewController+Storyboard.swift */ = {isa = PBXFileReference; lastKnownFileType = sourcecode.swift; path = "UIViewController+Storyboard.swift"; sourceTree = "<group>"; };
		01DF1C9920E8DFC6005CE550 /* CountriesRepository.swift */ = {isa = PBXFileReference; lastKnownFileType = sourcecode.swift; path = CountriesRepository.swift; sourceTree = "<group>"; };
		600C07E0216B8AF6004B55C4 /* Registration.storyboard */ = {isa = PBXFileReference; lastKnownFileType = file.storyboard; name = Registration.storyboard; path = SwiftTemplate/Scenes/Login/Registration.storyboard; sourceTree = SOURCE_ROOT; };
		600C07E2216B8D3D004B55C4 /* RegistrationViewController.swift */ = {isa = PBXFileReference; lastKnownFileType = sourcecode.swift; name = RegistrationViewController.swift; path = SwiftTemplate/Scenes/Login/RegistrationViewController.swift; sourceTree = SOURCE_ROOT; };
		600C07E4216B8D84004B55C4 /* RegistrationViewModel.swift */ = {isa = PBXFileReference; lastKnownFileType = sourcecode.swift; name = RegistrationViewModel.swift; path = SwiftTemplate/Scenes/Login/RegistrationViewModel.swift; sourceTree = SOURCE_ROOT; };
		600C07E6216B8E18004B55C4 /* UserRepository.swift */ = {isa = PBXFileReference; lastKnownFileType = sourcecode.swift; path = UserRepository.swift; sourceTree = "<group>"; };
		600C07E8216B90EE004B55C4 /* UserApiClient.swift */ = {isa = PBXFileReference; lastKnownFileType = sourcecode.swift; path = UserApiClient.swift; sourceTree = "<group>"; };
		600C07EA216B912F004B55C4 /* User.swift */ = {isa = PBXFileReference; lastKnownFileType = sourcecode.swift; path = User.swift; sourceTree = "<group>"; };
		600C07EC216B94E3004B55C4 /* DBUser.swift */ = {isa = PBXFileReference; lastKnownFileType = sourcecode.swift; path = DBUser.swift; sourceTree = "<group>"; };
		600C07EE216B95CB004B55C4 /* UserDAO.swift */ = {isa = PBXFileReference; lastKnownFileType = sourcecode.swift; path = UserDAO.swift; sourceTree = "<group>"; };
		600C07F0216B96AA004B55C4 /* UserMapper.swift */ = {isa = PBXFileReference; lastKnownFileType = sourcecode.swift; path = UserMapper.swift; sourceTree = "<group>"; };
		601D7A7C2173362800C143A5 /* AppNavigator.swift */ = {isa = PBXFileReference; lastKnownFileType = sourcecode.swift; path = AppNavigator.swift; sourceTree = "<group>"; };
		601D7A7E21733E3400C143A5 /* RegistrationNavigator.swift */ = {isa = PBXFileReference; lastKnownFileType = sourcecode.swift; name = RegistrationNavigator.swift; path = SwiftTemplate/Scenes/Base/RegistrationNavigator.swift; sourceTree = SOURCE_ROOT; };
		601D7A802173419B00C143A5 /* CountriesRepositoryFactory.swift */ = {isa = PBXFileReference; lastKnownFileType = sourcecode.swift; path = CountriesRepositoryFactory.swift; sourceTree = "<group>"; };
		601D7A822173426C00C143A5 /* WelcomeViewModelFactory.swift */ = {isa = PBXFileReference; lastKnownFileType = sourcecode.swift; path = WelcomeViewModelFactory.swift; sourceTree = "<group>"; };
		601D7A84217343FA00C143A5 /* LoginViewModelFactory.swift */ = {isa = PBXFileReference; lastKnownFileType = sourcecode.swift; path = LoginViewModelFactory.swift; sourceTree = "<group>"; };
		601D7A86217344A200C143A5 /* CountriesViewModelFactory.swift */ = {isa = PBXFileReference; lastKnownFileType = sourcecode.swift; path = CountriesViewModelFactory.swift; sourceTree = "<group>"; };
		601D7A882173450100C143A5 /* HomeNavigator.swift */ = {isa = PBXFileReference; lastKnownFileType = sourcecode.swift; path = HomeNavigator.swift; sourceTree = "<group>"; };
		601D7A90217355A600C143A5 /* UserViewController.swift */ = {isa = PBXFileReference; lastKnownFileType = sourcecode.swift; path = UserViewController.swift; sourceTree = "<group>"; };
		601D7A92217355D100C143A5 /* UserViewModel.swift */ = {isa = PBXFileReference; lastKnownFileType = sourcecode.swift; path = UserViewModel.swift; sourceTree = "<group>"; };
		607EE606218488FD00DC6FED /* SwiftTemplateTests.xctest */ = {isa = PBXFileReference; explicitFileType = wrapper.cfbundle; includeInIndex = 0; path = SwiftTemplateTests.xctest; sourceTree = BUILT_PRODUCTS_DIR; };
		607EE608218488FD00DC6FED /* WelcomeViewModelTest.swift */ = {isa = PBXFileReference; lastKnownFileType = sourcecode.swift; path = WelcomeViewModelTest.swift; sourceTree = "<group>"; };
		607EE60A218488FD00DC6FED /* Info.plist */ = {isa = PBXFileReference; lastKnownFileType = text.plist.xml; path = Info.plist; sourceTree = "<group>"; };
		607EE61321848A8500DC6FED /* WelcomeNavigatorMock.swift */ = {isa = PBXFileReference; lastKnownFileType = sourcecode.swift; path = WelcomeNavigatorMock.swift; sourceTree = "<group>"; };
		607EE61521848AFB00DC6FED /* SessionStoreMock.swift */ = {isa = PBXFileReference; lastKnownFileType = sourcecode.swift; path = SessionStoreMock.swift; sourceTree = "<group>"; };
		607EE61721849DEA00DC6FED /* AppNavigatorMock.swift */ = {isa = PBXFileReference; lastKnownFileType = sourcecode.swift; path = AppNavigatorMock.swift; sourceTree = "<group>"; };
		607EE6192184A32000DC6FED /* CountriesApiClientMock.swift */ = {isa = PBXFileReference; lastKnownFileType = sourcecode.swift; path = CountriesApiClientMock.swift; sourceTree = "<group>"; };
		607EE61B2184A44700DC6FED /* CountriesViewModelTest.swift */ = {isa = PBXFileReference; lastKnownFileType = sourcecode.swift; path = CountriesViewModelTest.swift; sourceTree = "<group>"; };
		60CC61182170DFD8001134DC /* UserRepositoryFactory.swift */ = {isa = PBXFileReference; lastKnownFileType = sourcecode.swift; path = UserRepositoryFactory.swift; sourceTree = "<group>"; };
		60CC611C2170EA95001134DC /* RegistrationViewModelFactory.swift */ = {isa = PBXFileReference; lastKnownFileType = sourcecode.swift; path = RegistrationViewModelFactory.swift; sourceTree = "<group>"; };
		7265293C25693FF500676A6E /* UserSignIn.swift */ = {isa = PBXFileReference; lastKnownFileType = sourcecode.swift; path = UserSignIn.swift; sourceTree = "<group>"; };
		72652940256944C000676A6E /* EncodableExtension.swift */ = {isa = PBXFileReference; lastKnownFileType = sourcecode.swift; path = EncodableExtension.swift; sourceTree = "<group>"; };
		7265294F256944D500676A6E /* DataExtension.swift */ = {isa = PBXFileReference; lastKnownFileType = sourcecode.swift; path = DataExtension.swift; sourceTree = "<group>"; };
		726529552569458500676A6E /* KeyChainHelper.swift */ = {isa = PBXFileReference; lastKnownFileType = sourcecode.swift; path = KeyChainHelper.swift; sourceTree = "<group>"; };
		726AD74025691BA70067A34C /* TokenRequest.swift */ = {isa = PBXFileReference; lastKnownFileType = sourcecode.swift; path = TokenRequest.swift; sourceTree = "<group>"; };
		726AD744256926B60067A34C /* AnyEncodable.swift */ = {isa = PBXFileReference; lastKnownFileType = sourcecode.swift; path = AnyEncodable.swift; sourceTree = "<group>"; };
		726AD74825693CA40067A34C /* userSignUp.swift */ = {isa = PBXFileReference; lastKnownFileType = sourcecode.swift; path = userSignUp.swift; sourceTree = "<group>"; };
/* End PBXFileReference section */

/* Begin PBXFrameworksBuildPhase section */
		01DBF23F20B6FC1600DCEF1B /* Frameworks */ = {
			isa = PBXFrameworksBuildPhase;
			buildActionMask = 2147483647;
			files = (
				729E030425694BB200178580 /* RealmSwift in Frameworks */,
				729E030B25694CF200178580 /* AppCenterCrashes in Frameworks */,
				729E030D25694CF200178580 /* AppCenterAnalytics in Frameworks */,
				729E02FA256949FA00178580 /* Alamofire in Frameworks */,
				729E030625694BB200178580 /* Realm in Frameworks */,
				729E02FF25694A3700178580 /* Bond in Frameworks */,
			);
			runOnlyForDeploymentPostprocessing = 0;
		};
		607EE603218488FD00DC6FED /* Frameworks */ = {
			isa = PBXFrameworksBuildPhase;
			buildActionMask = 2147483647;
			files = (
			);
			runOnlyForDeploymentPostprocessing = 0;
		};
/* End PBXFrameworksBuildPhase section */

/* Begin PBXGroup section */
		012C422020B71192007EC314 /* Utils */ = {
			isa = PBXGroup;
			children = (
				012C422120B711A3007EC314 /* AppConfiguration.swift */,
				01DF1C9720E8D7FA005CE550 /* UIViewController+Storyboard.swift */,
				72652940256944C000676A6E /* EncodableExtension.swift */,
				7265294F256944D500676A6E /* DataExtension.swift */,
				726529552569458500676A6E /* KeyChainHelper.swift */,
			);
			path = Utils;
			sourceTree = "<group>";
		};
		012C422820B716AD007EC314 /* Components */ = {
			isa = PBXGroup;
			children = (
			);
			path = Components;
			sourceTree = "<group>";
		};
		012C422B20B71705007EC314 /* Models */ = {
			isa = PBXGroup;
			children = (
				0167BD9820C0100700F44946 /* Mappers */,
				012C422D20B71715007EC314 /* DBModels */,
				012C422C20B7170A007EC314 /* ApiModels */,
			);
			path = Models;
			sourceTree = "<group>";
		};
		012C422C20B7170A007EC314 /* ApiModels */ = {
			isa = PBXGroup;
			children = (
				012C423020B7175B007EC314 /* Country.swift */,
				01D8AC8D20BCA20300D10081 /* Countries.swift */,
				01D8AC8F20BCB1D700D10081 /* AccessToken.swift */,
				726AD74025691BA70067A34C /* TokenRequest.swift */,
				600C07EA216B912F004B55C4 /* User.swift */,
				726AD74825693CA40067A34C /* userSignUp.swift */,
				7265293C25693FF500676A6E /* UserSignIn.swift */,
				726AD744256926B60067A34C /* AnyEncodable.swift */,
			);
			path = ApiModels;
			sourceTree = "<group>";
		};
		012C422D20B71715007EC314 /* DBModels */ = {
			isa = PBXGroup;
			children = (
				012C422E20B71743007EC314 /* DBCountry.swift */,
				600C07EC216B94E3004B55C4 /* DBUser.swift */,
			);
			path = DBModels;
			sourceTree = "<group>";
		};
		012C423220B718FA007EC314 /* Repositories */ = {
			isa = PBXGroup;
			children = (
				019A889320BFF5E80096C6C0 /* Session */,
				019A889520BFF6AE0096C6C0 /* LoginRepository.swift */,
				01DF1C9920E8DFC6005CE550 /* CountriesRepository.swift */,
				600C07E6216B8E18004B55C4 /* UserRepository.swift */,
			);
			path = Repositories;
			sourceTree = "<group>";
		};
		012C423720B7192A007EC314 /* DAO */ = {
			isa = PBXGroup;
			children = (
				012C423920B71961007EC314 /* CountryDAO.swift */,
				012C424520B71A26007EC314 /* RealmDAO.swift */,
				600C07EE216B95CB004B55C4 /* UserDAO.swift */,
			);
			path = DAO;
			sourceTree = "<group>";
		};
		012C423820B71931007EC314 /* Networking */ = {
			isa = PBXGroup;
			children = (
				01D8AC8620BC89E900D10081 /* CountriesAPIClient.swift */,
				01D8AC8820BC8E7600D10081 /* ApiClient.swift */,
				01A43EBE20BF35970068B0EC /* OAuth2Handler.swift */,
				600C07E8216B90EE004B55C4 /* UserApiClient.swift */,
			);
			path = Networking;
			sourceTree = "<group>";
		};
		012C424720B723AB007EC314 /* Scenes */ = {
			isa = PBXGroup;
			children = (
				600C07DF216B8ADB004B55C4 /* Registration */,
				0150F57C20CA7CCE0017F90F /* Base */,
				016FB75A20CACB6A00946025 /* LaunchScreen */,
				019A889720BFFF000096C6C0 /* Welcome */,
				019A889820BFFF070096C6C0 /* Login */,
				01A794FA20CA6C0500A3627F /* Home */,
			);
			path = Scenes;
			sourceTree = "<group>";
		};
		0150F57C20CA7CCE0017F90F /* Base */ = {
			isa = PBXGroup;
			children = (
				0150F57D20CA7CE40017F90F /* AppViewController.swift */,
				0150F57F20CA7EC30017F90F /* AppViewModel.swift */,
				01DF1C9520E8D7B2005CE550 /* AppStoryboard.swift */,
				601D7A7C2173362800C143A5 /* AppNavigator.swift */,
			);
			path = Base;
			sourceTree = "<group>";
		};
		0167BD9820C0100700F44946 /* Mappers */ = {
			isa = PBXGroup;
			children = (
				0167BD9920C0102300F44946 /* ModelMapper.swift */,
				0167BD9B20C0102C00F44946 /* CountryMapper.swift */,
				600C07F0216B96AA004B55C4 /* UserMapper.swift */,
			);
			path = Mappers;
			sourceTree = "<group>";
		};
		016FB75A20CACB6A00946025 /* LaunchScreen */ = {
			isa = PBXGroup;
			children = (
				016FB75B20CACB7F00946025 /* LaunchScreen.storyboard */,
			);
			path = LaunchScreen;
			sourceTree = "<group>";
		};
		019A889320BFF5E80096C6C0 /* Session */ = {
			isa = PBXGroup;
			children = (
				01D8AC9620BD1E4000D10081 /* SessionStore.swift */,
			);
			path = Session;
			sourceTree = "<group>";
		};
		019A889720BFFF000096C6C0 /* Welcome */ = {
			isa = PBXGroup;
			children = (
				01DBF24720B6FC1600DCEF1B /* WelcomeViewController.swift */,
				018A1E9D20CABADE00BDC03D /* WelcomeViewModel.swift */,
				018A1E9F20CABE0A00BDC03D /* WelcomeNavigator.swift */,
				01DBF24920B6FC1600DCEF1B /* Welcome.storyboard */,
			);
			path = Welcome;
			sourceTree = "<group>";
		};
		019A889820BFFF070096C6C0 /* Login */ = {
			isa = PBXGroup;
			children = (
				018A1EA520CABF9700BDC03D /* LoginViewController.swift */,
				016FB75D20CACCE400946025 /* LoginViewModel.swift */,
				01DF1C9320E8D5BA005CE550 /* LoginNavigator.swift */,
				018A1EA320CABF6B00BDC03D /* Login.storyboard */,
			);
			path = Login;
			sourceTree = "<group>";
		};
		01A794FA20CA6C0500A3627F /* Home */ = {
			isa = PBXGroup;
			children = (
				01DF1C8F20E8D48C005CE550 /* CountriesViewController.swift */,
				01DF1C9120E8D4AD005CE550 /* CountriesViewModel.swift */,
				01DF1C8D20E8D46F005CE550 /* Home.storyboard */,
				601D7A882173450100C143A5 /* HomeNavigator.swift */,
				601D7A90217355A600C143A5 /* UserViewController.swift */,
				601D7A92217355D100C143A5 /* UserViewModel.swift */,
			);
			path = Home;
			sourceTree = "<group>";
		};
		01D8AC8A20BC8F8400D10081 /* Error */ = {
			isa = PBXGroup;
			children = (
				01D8AC8B20BC8F9200D10081 /* AppError.swift */,
			);
			path = Error;
			sourceTree = "<group>";
		};
		01DBF23920B6FC1600DCEF1B = {
			isa = PBXGroup;
			children = (
				012C422620B71493007EC314 /* .swiftlint.yml */,
				01DBF25920B6FD9300DCEF1B /* Environments */,
				01DBF24420B6FC1600DCEF1B /* SwiftTemplate */,
				607EE607218488FD00DC6FED /* SwiftTemplateTests */,
				01DBF24320B6FC1600DCEF1B /* Products */,
			);
			sourceTree = "<group>";
		};
		01DBF24320B6FC1600DCEF1B /* Products */ = {
			isa = PBXGroup;
			children = (
				01DBF24220B6FC1600DCEF1B /* SwiftTemplate.app */,
				607EE606218488FD00DC6FED /* SwiftTemplateTests.xctest */,
			);
			name = Products;
			sourceTree = "<group>";
		};
		01DBF24420B6FC1600DCEF1B /* SwiftTemplate */ = {
			isa = PBXGroup;
			children = (
				60CC61122170DEF6001134DC /* Factories */,
				01D8AC8A20BC8F8400D10081 /* Error */,
				012C422B20B71705007EC314 /* Models */,
				012C423720B7192A007EC314 /* DAO */,
				012C423820B71931007EC314 /* Networking */,
				012C423220B718FA007EC314 /* Repositories */,
				012C422820B716AD007EC314 /* Components */,
				012C424720B723AB007EC314 /* Scenes */,
				012C422020B71192007EC314 /* Utils */,
				01DBF24520B6FC1600DCEF1B /* AppDelegate.swift */,
				01DBF24C20B6FC1600DCEF1B /* Assets.xcassets */,
				01DBF25120B6FC1600DCEF1B /* Info.plist */,
			);
			path = SwiftTemplate;
			sourceTree = "<group>";
		};
		01DBF25920B6FD9300DCEF1B /* Environments */ = {
			isa = PBXGroup;
			children = (
				01DBF26320B700DF00DCEF1B /* Test.xcconfig */,
				01DBF26420B7024A00DCEF1B /* Production.xcconfig */,
			);
			path = Environments;
			sourceTree = "<group>";
		};
		600C07DF216B8ADB004B55C4 /* Registration */ = {
			isa = PBXGroup;
			children = (
				600C07E0216B8AF6004B55C4 /* Registration.storyboard */,
				600C07E2216B8D3D004B55C4 /* RegistrationViewController.swift */,
				600C07E4216B8D84004B55C4 /* RegistrationViewModel.swift */,
				601D7A7E21733E3400C143A5 /* RegistrationNavigator.swift */,
			);
			path = Registration;
			sourceTree = "<group>";
		};
		607EE607218488FD00DC6FED /* SwiftTemplateTests */ = {
			isa = PBXGroup;
			children = (
				607EE61221848A6C00DC6FED /* Support */,
				607EE608218488FD00DC6FED /* WelcomeViewModelTest.swift */,
				607EE60A218488FD00DC6FED /* Info.plist */,
				607EE61B2184A44700DC6FED /* CountriesViewModelTest.swift */,
			);
			path = SwiftTemplateTests;
			sourceTree = "<group>";
		};
		607EE61221848A6C00DC6FED /* Support */ = {
			isa = PBXGroup;
			children = (
				607EE61321848A8500DC6FED /* WelcomeNavigatorMock.swift */,
				607EE61521848AFB00DC6FED /* SessionStoreMock.swift */,
				607EE61721849DEA00DC6FED /* AppNavigatorMock.swift */,
				607EE6192184A32000DC6FED /* CountriesApiClientMock.swift */,
			);
			path = Support;
			sourceTree = "<group>";
		};
		60CC61122170DEF6001134DC /* Factories */ = {
			isa = PBXGroup;
			children = (
				60CC61152170DF22001134DC /* RepositoryFactories */,
				60CC61132170DF04001134DC /* ViewModelFactories */,
			);
			path = Factories;
			sourceTree = "<group>";
		};
		60CC61132170DF04001134DC /* ViewModelFactories */ = {
			isa = PBXGroup;
			children = (
				60CC611C2170EA95001134DC /* RegistrationViewModelFactory.swift */,
				601D7A822173426C00C143A5 /* WelcomeViewModelFactory.swift */,
				601D7A84217343FA00C143A5 /* LoginViewModelFactory.swift */,
				601D7A86217344A200C143A5 /* CountriesViewModelFactory.swift */,
			);
			path = ViewModelFactories;
			sourceTree = "<group>";
		};
		60CC61152170DF22001134DC /* RepositoryFactories */ = {
			isa = PBXGroup;
			children = (
				60CC61182170DFD8001134DC /* UserRepositoryFactory.swift */,
				601D7A802173419B00C143A5 /* CountriesRepositoryFactory.swift */,
			);
			path = RepositoryFactories;
			sourceTree = "<group>";
		};
/* End PBXGroup section */

/* Begin PBXNativeTarget section */
		01DBF24120B6FC1600DCEF1B /* SwiftTemplate */ = {
			isa = PBXNativeTarget;
			buildConfigurationList = 01DBF25420B6FC1600DCEF1B /* Build configuration list for PBXNativeTarget "SwiftTemplate" */;
			buildPhases = (
				01DBF23E20B6FC1600DCEF1B /* Sources */,
				01DBF23F20B6FC1600DCEF1B /* Frameworks */,
				01DBF24020B6FC1600DCEF1B /* Resources */,
			);
			buildRules = (
			);
			dependencies = (
			);
			name = SwiftTemplate;
			packageProductDependencies = (
				729E02F9256949FA00178580 /* Alamofire */,
				729E02FE25694A3700178580 /* Bond */,
				729E030325694BB200178580 /* RealmSwift */,
				729E030525694BB200178580 /* Realm */,
				729E030A25694CF200178580 /* AppCenterCrashes */,
				729E030C25694CF200178580 /* AppCenterAnalytics */,
			);
			productName = SwiftTemplate;
			productReference = 01DBF24220B6FC1600DCEF1B /* SwiftTemplate.app */;
			productType = "com.apple.product-type.application";
		};
		607EE605218488FD00DC6FED /* SwiftTemplateTests */ = {
			isa = PBXNativeTarget;
			buildConfigurationList = 607EE611218488FD00DC6FED /* Build configuration list for PBXNativeTarget "SwiftTemplateTests" */;
			buildPhases = (
				607EE602218488FD00DC6FED /* Sources */,
				607EE603218488FD00DC6FED /* Frameworks */,
				607EE604218488FD00DC6FED /* Resources */,
			);
			buildRules = (
			);
			dependencies = (
				607EE60C218488FD00DC6FED /* PBXTargetDependency */,
			);
			name = SwiftTemplateTests;
			productName = SwiftTemplateTests;
			productReference = 607EE606218488FD00DC6FED /* SwiftTemplateTests.xctest */;
			productType = "com.apple.product-type.bundle.unit-test";
		};
/* End PBXNativeTarget section */

/* Begin PBXProject section */
		01DBF23A20B6FC1600DCEF1B /* Project object */ = {
			isa = PBXProject;
			attributes = {
				LastSwiftUpdateCheck = 1000;
				LastUpgradeCheck = 1220;
				ORGANIZATIONNAME = "Klika d.o.o. Sarajevo";
				TargetAttributes = {
					01DBF24120B6FC1600DCEF1B = {
						CreatedOnToolsVersion = 9.2;
						LastSwiftMigration = 1000;
						ProvisioningStyle = Automatic;
					};
					607EE605218488FD00DC6FED = {
						CreatedOnToolsVersion = 10.0;
						ProvisioningStyle = Automatic;
						TestTargetID = 01DBF24120B6FC1600DCEF1B;
					};
				};
			};
			buildConfigurationList = 01DBF23D20B6FC1600DCEF1B /* Build configuration list for PBXProject "SwiftTemplate" */;
			compatibilityVersion = "Xcode 8.0";
			developmentRegion = en;
			hasScannedForEncodings = 0;
			knownRegions = (
				en,
				Base,
			);
			mainGroup = 01DBF23920B6FC1600DCEF1B;
			packageReferences = (
				729E02F8256949FA00178580 /* XCRemoteSwiftPackageReference "alamofire" */,
				729E02FD25694A3700178580 /* XCRemoteSwiftPackageReference "Bond" */,
				729E030225694BB200178580 /* XCRemoteSwiftPackageReference "realm-cocoa" */,
				729E030925694CF200178580 /* XCRemoteSwiftPackageReference "appcenter-sdk-apple" */,
			);
			productRefGroup = 01DBF24320B6FC1600DCEF1B /* Products */;
			projectDirPath = "";
			projectRoot = "";
			targets = (
				01DBF24120B6FC1600DCEF1B /* SwiftTemplate */,
				607EE605218488FD00DC6FED /* SwiftTemplateTests */,
			);
		};
/* End PBXProject section */

/* Begin PBXResourcesBuildPhase section */
		01DBF24020B6FC1600DCEF1B /* Resources */ = {
			isa = PBXResourcesBuildPhase;
			buildActionMask = 2147483647;
			files = (
				018A1EA420CABF6B00BDC03D /* Login.storyboard in Resources */,
				012C422720B71493007EC314 /* .swiftlint.yml in Resources */,
				01DF1C8E20E8D46F005CE550 /* Home.storyboard in Resources */,
				600C07E1216B8AF6004B55C4 /* Registration.storyboard in Resources */,
				01DBF24D20B6FC1600DCEF1B /* Assets.xcassets in Resources */,
				016FB75C20CACB7F00946025 /* LaunchScreen.storyboard in Resources */,
				01DBF24B20B6FC1600DCEF1B /* Welcome.storyboard in Resources */,
			);
			runOnlyForDeploymentPostprocessing = 0;
		};
		607EE604218488FD00DC6FED /* Resources */ = {
			isa = PBXResourcesBuildPhase;
			buildActionMask = 2147483647;
			files = (
			);
			runOnlyForDeploymentPostprocessing = 0;
		};
/* End PBXResourcesBuildPhase section */

/* Begin PBXSourcesBuildPhase section */
		01DBF23E20B6FC1600DCEF1B /* Sources */ = {
			isa = PBXSourcesBuildPhase;
			buildActionMask = 2147483647;
			files = (
				016FB75E20CACCE400946025 /* LoginViewModel.swift in Sources */,
				600C07E5216B8D84004B55C4 /* RegistrationViewModel.swift in Sources */,
				012C423A20B71961007EC314 /* CountryDAO.swift in Sources */,
				018A1E9E20CABADE00BDC03D /* WelcomeViewModel.swift in Sources */,
				01DF1C9220E8D4AD005CE550 /* CountriesViewModel.swift in Sources */,
				012C422220B711A3007EC314 /* AppConfiguration.swift in Sources */,
				01DF1C9420E8D5BA005CE550 /* LoginNavigator.swift in Sources */,
				0150F58020CA7EC30017F90F /* AppViewModel.swift in Sources */,
				601D7A892173450100C143A5 /* HomeNavigator.swift in Sources */,
				0167BD9A20C0102300F44946 /* ModelMapper.swift in Sources */,
				601D7A7F21733E3400C143A5 /* RegistrationNavigator.swift in Sources */,
				012C422F20B71743007EC314 /* DBCountry.swift in Sources */,
				601D7A85217343FA00C143A5 /* LoginViewModelFactory.swift in Sources */,
				01D8AC9020BCB1D700D10081 /* AccessToken.swift in Sources */,
				01DF1C9620E8D7B2005CE550 /* AppStoryboard.swift in Sources */,
				01DBF24820B6FC1600DCEF1B /* WelcomeViewController.swift in Sources */,
				726529562569458500676A6E /* KeyChainHelper.swift in Sources */,
				601D7A87217344A200C143A5 /* CountriesViewModelFactory.swift in Sources */,
				601D7A812173419B00C143A5 /* CountriesRepositoryFactory.swift in Sources */,
				7265293D25693FF500676A6E /* UserSignIn.swift in Sources */,
				0150F57E20CA7CE40017F90F /* AppViewController.swift in Sources */,
				019A889620BFF6AE0096C6C0 /* LoginRepository.swift in Sources */,
				01DF1C9020E8D48C005CE550 /* CountriesViewController.swift in Sources */,
				601D7A93217355D100C143A5 /* UserViewModel.swift in Sources */,
				60CC611D2170EA95001134DC /* RegistrationViewModelFactory.swift in Sources */,
				018A1EA620CABF9700BDC03D /* LoginViewController.swift in Sources */,
				72652941256944C000676A6E /* EncodableExtension.swift in Sources */,
				01D8AC8720BC89E900D10081 /* CountriesAPIClient.swift in Sources */,
				600C07E7216B8E18004B55C4 /* UserRepository.swift in Sources */,
				600C07ED216B94E3004B55C4 /* DBUser.swift in Sources */,
				01DBF24620B6FC1600DCEF1B /* AppDelegate.swift in Sources */,
				01D8AC8E20BCA20300D10081 /* Countries.swift in Sources */,
				600C07F1216B96AA004B55C4 /* UserMapper.swift in Sources */,
				726AD74125691BA70067A34C /* TokenRequest.swift in Sources */,
				01A43EBF20BF35970068B0EC /* OAuth2Handler.swift in Sources */,
				018A1EA020CABE0A00BDC03D /* WelcomeNavigator.swift in Sources */,
				012C424620B71A26007EC314 /* RealmDAO.swift in Sources */,
				600C07EB216B912F004B55C4 /* User.swift in Sources */,
				601D7A91217355A600C143A5 /* UserViewController.swift in Sources */,
				726AD745256926B60067A34C /* AnyEncodable.swift in Sources */,
				60CC61192170DFD8001134DC /* UserRepositoryFactory.swift in Sources */,
				600C07E9216B90EE004B55C4 /* UserApiClient.swift in Sources */,
				726AD74925693CA40067A34C /* userSignUp.swift in Sources */,
				601D7A832173426C00C143A5 /* WelcomeViewModelFactory.swift in Sources */,
				01D8AC9720BD1E4000D10081 /* SessionStore.swift in Sources */,
				600C07E3216B8D3D004B55C4 /* RegistrationViewController.swift in Sources */,
				601D7A7D2173362800C143A5 /* AppNavigator.swift in Sources */,
				0167BD9C20C0102C00F44946 /* CountryMapper.swift in Sources */,
				600C07EF216B95CB004B55C4 /* UserDAO.swift in Sources */,
				72652950256944D500676A6E /* DataExtension.swift in Sources */,
				012C423120B7175B007EC314 /* Country.swift in Sources */,
				01DF1C9A20E8DFC6005CE550 /* CountriesRepository.swift in Sources */,
				729E031A2569538B00178580 /* AppError.swift in Sources */,
				01D8AC8920BC8E7600D10081 /* ApiClient.swift in Sources */,
				01DF1C9820E8D7FA005CE550 /* UIViewController+Storyboard.swift in Sources */,
			);
			runOnlyForDeploymentPostprocessing = 0;
		};
		607EE602218488FD00DC6FED /* Sources */ = {
			isa = PBXSourcesBuildPhase;
			buildActionMask = 2147483647;
			files = (
				607EE61421848A8500DC6FED /* WelcomeNavigatorMock.swift in Sources */,
				607EE61A2184A32000DC6FED /* CountriesApiClientMock.swift in Sources */,
				607EE609218488FD00DC6FED /* WelcomeViewModelTest.swift in Sources */,
				607EE61C2184A44700DC6FED /* CountriesViewModelTest.swift in Sources */,
				607EE61621848AFB00DC6FED /* SessionStoreMock.swift in Sources */,
				607EE61821849DEA00DC6FED /* AppNavigatorMock.swift in Sources */,
			);
			runOnlyForDeploymentPostprocessing = 0;
		};
/* End PBXSourcesBuildPhase section */

/* Begin PBXTargetDependency section */
		607EE60C218488FD00DC6FED /* PBXTargetDependency */ = {
			isa = PBXTargetDependency;
			target = 01DBF24120B6FC1600DCEF1B /* SwiftTemplate */;
			targetProxy = 607EE60B218488FD00DC6FED /* PBXContainerItemProxy */;
		};
/* End PBXTargetDependency section */

/* Begin PBXVariantGroup section */
		01DBF24920B6FC1600DCEF1B /* Welcome.storyboard */ = {
			isa = PBXVariantGroup;
			children = (
				01DBF24A20B6FC1600DCEF1B /* Base */,
			);
			name = Welcome.storyboard;
			sourceTree = "<group>";
		};
/* End PBXVariantGroup section */

/* Begin XCBuildConfiguration section */
		01DBF25220B6FC1600DCEF1B /* Debug */ = {
			isa = XCBuildConfiguration;
			baseConfigurationReference = 01DBF26420B7024A00DCEF1B /* Production.xcconfig */;
			buildSettings = {
				ALWAYS_SEARCH_USER_PATHS = NO;
				CLANG_ANALYZER_NONNULL = YES;
				CLANG_ANALYZER_NUMBER_OBJECT_CONVERSION = YES_AGGRESSIVE;
				CLANG_CXX_LANGUAGE_STANDARD = "gnu++14";
				CLANG_CXX_LIBRARY = "libc++";
				CLANG_ENABLE_MODULES = YES;
				CLANG_ENABLE_OBJC_ARC = YES;
				CLANG_WARN_BLOCK_CAPTURE_AUTORELEASING = YES;
				CLANG_WARN_BOOL_CONVERSION = YES;
				CLANG_WARN_COMMA = YES;
				CLANG_WARN_CONSTANT_CONVERSION = YES;
				CLANG_WARN_DEPRECATED_OBJC_IMPLEMENTATIONS = YES;
				CLANG_WARN_DIRECT_OBJC_ISA_USAGE = YES_ERROR;
				CLANG_WARN_DOCUMENTATION_COMMENTS = YES;
				CLANG_WARN_EMPTY_BODY = YES;
				CLANG_WARN_ENUM_CONVERSION = YES;
				CLANG_WARN_INFINITE_RECURSION = YES;
				CLANG_WARN_INT_CONVERSION = YES;
				CLANG_WARN_NON_LITERAL_NULL_CONVERSION = YES;
				CLANG_WARN_OBJC_IMPLICIT_RETAIN_SELF = YES;
				CLANG_WARN_OBJC_LITERAL_CONVERSION = YES;
				CLANG_WARN_OBJC_ROOT_CLASS = YES_ERROR;
				CLANG_WARN_QUOTED_INCLUDE_IN_FRAMEWORK_HEADER = YES;
				CLANG_WARN_RANGE_LOOP_ANALYSIS = YES;
				CLANG_WARN_STRICT_PROTOTYPES = YES;
				CLANG_WARN_SUSPICIOUS_MOVE = YES;
				CLANG_WARN_UNGUARDED_AVAILABILITY = YES_AGGRESSIVE;
				CLANG_WARN_UNREACHABLE_CODE = YES;
				CLANG_WARN__DUPLICATE_METHOD_MATCH = YES;
				CODE_SIGN_IDENTITY = "iPhone Developer";
				COPY_PHASE_STRIP = NO;
				DEBUG_INFORMATION_FORMAT = dwarf;
				ENABLE_STRICT_OBJC_MSGSEND = YES;
				ENABLE_TESTABILITY = YES;
				GCC_C_LANGUAGE_STANDARD = gnu11;
				GCC_DYNAMIC_NO_PIC = NO;
				GCC_NO_COMMON_BLOCKS = YES;
				GCC_OPTIMIZATION_LEVEL = 0;
				GCC_PREPROCESSOR_DEFINITIONS = (
					"DEBUG=1",
					"$(inherited)",
				);
				GCC_WARN_64_TO_32_BIT_CONVERSION = YES;
				GCC_WARN_ABOUT_RETURN_TYPE = YES_ERROR;
				GCC_WARN_UNDECLARED_SELECTOR = YES;
				GCC_WARN_UNINITIALIZED_AUTOS = YES_AGGRESSIVE;
				GCC_WARN_UNUSED_FUNCTION = YES;
				GCC_WARN_UNUSED_VARIABLE = YES;
				IPHONEOS_DEPLOYMENT_TARGET = 14.0;
				MTL_ENABLE_DEBUG_INFO = YES;
				ONLY_ACTIVE_ARCH = YES;
				SDKROOT = iphoneos;
				SWIFT_ACTIVE_COMPILATION_CONDITIONS = DEBUG;
				SWIFT_OPTIMIZATION_LEVEL = "-Onone";
			};
			name = Debug;
		};
		01DBF25320B6FC1600DCEF1B /* Release */ = {
			isa = XCBuildConfiguration;
			baseConfigurationReference = 01DBF26420B7024A00DCEF1B /* Production.xcconfig */;
			buildSettings = {
				ALWAYS_SEARCH_USER_PATHS = NO;
				CLANG_ANALYZER_NONNULL = YES;
				CLANG_ANALYZER_NUMBER_OBJECT_CONVERSION = YES_AGGRESSIVE;
				CLANG_CXX_LANGUAGE_STANDARD = "gnu++14";
				CLANG_CXX_LIBRARY = "libc++";
				CLANG_ENABLE_MODULES = YES;
				CLANG_ENABLE_OBJC_ARC = YES;
				CLANG_WARN_BLOCK_CAPTURE_AUTORELEASING = YES;
				CLANG_WARN_BOOL_CONVERSION = YES;
				CLANG_WARN_COMMA = YES;
				CLANG_WARN_CONSTANT_CONVERSION = YES;
				CLANG_WARN_DEPRECATED_OBJC_IMPLEMENTATIONS = YES;
				CLANG_WARN_DIRECT_OBJC_ISA_USAGE = YES_ERROR;
				CLANG_WARN_DOCUMENTATION_COMMENTS = YES;
				CLANG_WARN_EMPTY_BODY = YES;
				CLANG_WARN_ENUM_CONVERSION = YES;
				CLANG_WARN_INFINITE_RECURSION = YES;
				CLANG_WARN_INT_CONVERSION = YES;
				CLANG_WARN_NON_LITERAL_NULL_CONVERSION = YES;
				CLANG_WARN_OBJC_IMPLICIT_RETAIN_SELF = YES;
				CLANG_WARN_OBJC_LITERAL_CONVERSION = YES;
				CLANG_WARN_OBJC_ROOT_CLASS = YES_ERROR;
				CLANG_WARN_QUOTED_INCLUDE_IN_FRAMEWORK_HEADER = YES;
				CLANG_WARN_RANGE_LOOP_ANALYSIS = YES;
				CLANG_WARN_STRICT_PROTOTYPES = YES;
				CLANG_WARN_SUSPICIOUS_MOVE = YES;
				CLANG_WARN_UNGUARDED_AVAILABILITY = YES_AGGRESSIVE;
				CLANG_WARN_UNREACHABLE_CODE = YES;
				CLANG_WARN__DUPLICATE_METHOD_MATCH = YES;
				CODE_SIGN_IDENTITY = "iPhone Developer";
				COPY_PHASE_STRIP = NO;
				DEBUG_INFORMATION_FORMAT = "dwarf-with-dsym";
				ENABLE_NS_ASSERTIONS = NO;
				ENABLE_STRICT_OBJC_MSGSEND = YES;
				GCC_C_LANGUAGE_STANDARD = gnu11;
				GCC_NO_COMMON_BLOCKS = YES;
				GCC_WARN_64_TO_32_BIT_CONVERSION = YES;
				GCC_WARN_ABOUT_RETURN_TYPE = YES_ERROR;
				GCC_WARN_UNDECLARED_SELECTOR = YES;
				GCC_WARN_UNINITIALIZED_AUTOS = YES_AGGRESSIVE;
				GCC_WARN_UNUSED_FUNCTION = YES;
				GCC_WARN_UNUSED_VARIABLE = YES;
				IPHONEOS_DEPLOYMENT_TARGET = 14.0;
				MTL_ENABLE_DEBUG_INFO = NO;
				SDKROOT = iphoneos;
				SWIFT_COMPILATION_MODE = wholemodule;
				SWIFT_OPTIMIZATION_LEVEL = "-O";
				VALIDATE_PRODUCT = YES;
			};
			name = Release;
		};
		01DBF25520B6FC1600DCEF1B /* Debug */ = {
			isa = XCBuildConfiguration;
			buildSettings = {
				ASSETCATALOG_COMPILER_APPICON_NAME = "${IS_APP_ICON}";
				CODE_SIGN_STYLE = Automatic;
				DEVELOPMENT_TEAM = 3G276NH9UU;
				INFOPLIST_FILE = SwiftTemplate/Info.plist;
				IPHONEOS_DEPLOYMENT_TARGET = 14.0;
				LD_RUNPATH_SEARCH_PATHS = (
					"$(inherited)",
					"@executable_path/Frameworks",
				);
				PRODUCT_BUNDLE_IDENTIFIER = com.klika.SwiftTemplate.Test;
				PRODUCT_NAME = "$(TARGET_NAME)";
				SWIFT_VERSION = 4.2;
				TARGETED_DEVICE_FAMILY = 1;
			};
			name = Debug;
		};
		01DBF25620B6FC1600DCEF1B /* Release */ = {
			isa = XCBuildConfiguration;
			buildSettings = {
				ASSETCATALOG_COMPILER_APPICON_NAME = "${IS_APP_ICON}";
				CODE_SIGN_STYLE = Automatic;
				DEVELOPMENT_TEAM = 3G276NH9UU;
				INFOPLIST_FILE = SwiftTemplate/Info.plist;
				IPHONEOS_DEPLOYMENT_TARGET = 14.0;
				LD_RUNPATH_SEARCH_PATHS = (
					"$(inherited)",
					"@executable_path/Frameworks",
				);
				PRODUCT_BUNDLE_IDENTIFIER = com.klika.SwiftTemplate.Test;
				PRODUCT_NAME = "$(TARGET_NAME)";
				SWIFT_VERSION = 4.2;
				TARGETED_DEVICE_FAMILY = 1;
			};
			name = Release;
		};
		01DBF25F20B700A200DCEF1B /* TestDebug */ = {
			isa = XCBuildConfiguration;
			baseConfigurationReference = 01DBF26320B700DF00DCEF1B /* Test.xcconfig */;
			buildSettings = {
				ALWAYS_SEARCH_USER_PATHS = NO;
				CLANG_ANALYZER_NONNULL = YES;
				CLANG_ANALYZER_NUMBER_OBJECT_CONVERSION = YES_AGGRESSIVE;
				CLANG_CXX_LANGUAGE_STANDARD = "gnu++14";
				CLANG_CXX_LIBRARY = "libc++";
				CLANG_ENABLE_MODULES = YES;
				CLANG_ENABLE_OBJC_ARC = YES;
				CLANG_WARN_BLOCK_CAPTURE_AUTORELEASING = YES;
				CLANG_WARN_BOOL_CONVERSION = YES;
				CLANG_WARN_COMMA = YES;
				CLANG_WARN_CONSTANT_CONVERSION = YES;
				CLANG_WARN_DEPRECATED_OBJC_IMPLEMENTATIONS = YES;
				CLANG_WARN_DIRECT_OBJC_ISA_USAGE = YES_ERROR;
				CLANG_WARN_DOCUMENTATION_COMMENTS = YES;
				CLANG_WARN_EMPTY_BODY = YES;
				CLANG_WARN_ENUM_CONVERSION = YES;
				CLANG_WARN_INFINITE_RECURSION = YES;
				CLANG_WARN_INT_CONVERSION = YES;
				CLANG_WARN_NON_LITERAL_NULL_CONVERSION = YES;
				CLANG_WARN_OBJC_IMPLICIT_RETAIN_SELF = YES;
				CLANG_WARN_OBJC_LITERAL_CONVERSION = YES;
				CLANG_WARN_OBJC_ROOT_CLASS = YES_ERROR;
				CLANG_WARN_QUOTED_INCLUDE_IN_FRAMEWORK_HEADER = YES;
				CLANG_WARN_RANGE_LOOP_ANALYSIS = YES;
				CLANG_WARN_STRICT_PROTOTYPES = YES;
				CLANG_WARN_SUSPICIOUS_MOVE = YES;
				CLANG_WARN_UNGUARDED_AVAILABILITY = YES_AGGRESSIVE;
				CLANG_WARN_UNREACHABLE_CODE = YES;
				CLANG_WARN__DUPLICATE_METHOD_MATCH = YES;
				CODE_SIGN_IDENTITY = "iPhone Developer";
				COPY_PHASE_STRIP = NO;
				DEBUG_INFORMATION_FORMAT = dwarf;
				ENABLE_STRICT_OBJC_MSGSEND = YES;
				ENABLE_TESTABILITY = YES;
				GCC_C_LANGUAGE_STANDARD = gnu11;
				GCC_DYNAMIC_NO_PIC = NO;
				GCC_NO_COMMON_BLOCKS = YES;
				GCC_OPTIMIZATION_LEVEL = 0;
				GCC_PREPROCESSOR_DEFINITIONS = (
					"DEBUG=1",
					"$(inherited)",
				);
				GCC_WARN_64_TO_32_BIT_CONVERSION = YES;
				GCC_WARN_ABOUT_RETURN_TYPE = YES_ERROR;
				GCC_WARN_UNDECLARED_SELECTOR = YES;
				GCC_WARN_UNINITIALIZED_AUTOS = YES_AGGRESSIVE;
				GCC_WARN_UNUSED_FUNCTION = YES;
				GCC_WARN_UNUSED_VARIABLE = YES;
				IPHONEOS_DEPLOYMENT_TARGET = 14.0;
				MTL_ENABLE_DEBUG_INFO = YES;
				ONLY_ACTIVE_ARCH = YES;
				SDKROOT = iphoneos;
				SWIFT_ACTIVE_COMPILATION_CONDITIONS = DEBUG;
				SWIFT_OPTIMIZATION_LEVEL = "-Onone";
			};
			name = TestDebug;
		};
		01DBF26020B700A200DCEF1B /* TestDebug */ = {
			isa = XCBuildConfiguration;
			buildSettings = {
				ASSETCATALOG_COMPILER_APPICON_NAME = "${IS_APP_ICON}";
				CODE_SIGN_STYLE = Automatic;
				DEVELOPMENT_TEAM = 3G276NH9UU;
				INFOPLIST_FILE = SwiftTemplate/Info.plist;
				IPHONEOS_DEPLOYMENT_TARGET = 14.0;
				LD_RUNPATH_SEARCH_PATHS = (
					"$(inherited)",
					"@executable_path/Frameworks",
				);
				PRODUCT_BUNDLE_IDENTIFIER = com.klika.SwiftTemplate.Test;
				PRODUCT_NAME = "$(TARGET_NAME)";
				SWIFT_VERSION = 4.2;
				TARGETED_DEVICE_FAMILY = 1;
			};
			name = TestDebug;
		};
		01DBF26120B700AB00DCEF1B /* TestRelease */ = {
			isa = XCBuildConfiguration;
			baseConfigurationReference = 01DBF26320B700DF00DCEF1B /* Test.xcconfig */;
			buildSettings = {
				ALWAYS_SEARCH_USER_PATHS = NO;
				CLANG_ANALYZER_NONNULL = YES;
				CLANG_ANALYZER_NUMBER_OBJECT_CONVERSION = YES_AGGRESSIVE;
				CLANG_CXX_LANGUAGE_STANDARD = "gnu++14";
				CLANG_CXX_LIBRARY = "libc++";
				CLANG_ENABLE_MODULES = YES;
				CLANG_ENABLE_OBJC_ARC = YES;
				CLANG_WARN_BLOCK_CAPTURE_AUTORELEASING = YES;
				CLANG_WARN_BOOL_CONVERSION = YES;
				CLANG_WARN_COMMA = YES;
				CLANG_WARN_CONSTANT_CONVERSION = YES;
				CLANG_WARN_DEPRECATED_OBJC_IMPLEMENTATIONS = YES;
				CLANG_WARN_DIRECT_OBJC_ISA_USAGE = YES_ERROR;
				CLANG_WARN_DOCUMENTATION_COMMENTS = YES;
				CLANG_WARN_EMPTY_BODY = YES;
				CLANG_WARN_ENUM_CONVERSION = YES;
				CLANG_WARN_INFINITE_RECURSION = YES;
				CLANG_WARN_INT_CONVERSION = YES;
				CLANG_WARN_NON_LITERAL_NULL_CONVERSION = YES;
				CLANG_WARN_OBJC_IMPLICIT_RETAIN_SELF = YES;
				CLANG_WARN_OBJC_LITERAL_CONVERSION = YES;
				CLANG_WARN_OBJC_ROOT_CLASS = YES_ERROR;
				CLANG_WARN_QUOTED_INCLUDE_IN_FRAMEWORK_HEADER = YES;
				CLANG_WARN_RANGE_LOOP_ANALYSIS = YES;
				CLANG_WARN_STRICT_PROTOTYPES = YES;
				CLANG_WARN_SUSPICIOUS_MOVE = YES;
				CLANG_WARN_UNGUARDED_AVAILABILITY = YES_AGGRESSIVE;
				CLANG_WARN_UNREACHABLE_CODE = YES;
				CLANG_WARN__DUPLICATE_METHOD_MATCH = YES;
				CODE_SIGN_IDENTITY = "iPhone Developer";
				COPY_PHASE_STRIP = NO;
				DEBUG_INFORMATION_FORMAT = "dwarf-with-dsym";
				ENABLE_NS_ASSERTIONS = NO;
				ENABLE_STRICT_OBJC_MSGSEND = YES;
				GCC_C_LANGUAGE_STANDARD = gnu11;
				GCC_NO_COMMON_BLOCKS = YES;
				GCC_WARN_64_TO_32_BIT_CONVERSION = YES;
				GCC_WARN_ABOUT_RETURN_TYPE = YES_ERROR;
				GCC_WARN_UNDECLARED_SELECTOR = YES;
				GCC_WARN_UNINITIALIZED_AUTOS = YES_AGGRESSIVE;
				GCC_WARN_UNUSED_FUNCTION = YES;
				GCC_WARN_UNUSED_VARIABLE = YES;
				IPHONEOS_DEPLOYMENT_TARGET = 14.0;
				MTL_ENABLE_DEBUG_INFO = NO;
				SDKROOT = iphoneos;
				SWIFT_COMPILATION_MODE = wholemodule;
				SWIFT_OPTIMIZATION_LEVEL = "-O";
				VALIDATE_PRODUCT = YES;
			};
			name = TestRelease;
		};
		01DBF26220B700AB00DCEF1B /* TestRelease */ = {
			isa = XCBuildConfiguration;
			buildSettings = {
				ASSETCATALOG_COMPILER_APPICON_NAME = "${IS_APP_ICON}";
				CODE_SIGN_STYLE = Automatic;
				DEVELOPMENT_TEAM = 3G276NH9UU;
				INFOPLIST_FILE = SwiftTemplate/Info.plist;
				IPHONEOS_DEPLOYMENT_TARGET = 14.0;
				LD_RUNPATH_SEARCH_PATHS = (
					"$(inherited)",
					"@executable_path/Frameworks",
				);
				PRODUCT_BUNDLE_IDENTIFIER = com.klika.SwiftTemplate.Test;
				PRODUCT_NAME = "$(TARGET_NAME)";
				SWIFT_VERSION = 4.2;
				TARGETED_DEVICE_FAMILY = 1;
			};
			name = TestRelease;
		};
		607EE60D218488FD00DC6FED /* Debug */ = {
			isa = XCBuildConfiguration;
			buildSettings = {
				BUNDLE_LOADER = "$(TEST_HOST)";
				CLANG_ENABLE_OBJC_WEAK = YES;
				CODE_SIGN_STYLE = Automatic;
				DEVELOPMENT_TEAM = 3G276NH9UU;
				INFOPLIST_FILE = SwiftTemplateTests/Info.plist;
				IPHONEOS_DEPLOYMENT_TARGET = 12.0;
				LD_RUNPATH_SEARCH_PATHS = (
					"$(inherited)",
					"@executable_path/Frameworks",
					"@loader_path/Frameworks",
				);
				MTL_ENABLE_DEBUG_INFO = INCLUDE_SOURCE;
				MTL_FAST_MATH = YES;
				PRODUCT_BUNDLE_IDENTIFIER = ba.klika.SwiftTemplateTests;
				PRODUCT_NAME = "$(TARGET_NAME)";
				SWIFT_VERSION = 4.2;
				TARGETED_DEVICE_FAMILY = "1,2";
				TEST_HOST = "$(BUILT_PRODUCTS_DIR)/SwiftTemplate.app/SwiftTemplate";
			};
			name = Debug;
		};
		607EE60E218488FD00DC6FED /* TestDebug */ = {
			isa = XCBuildConfiguration;
			buildSettings = {
				BUNDLE_LOADER = "$(TEST_HOST)";
				CLANG_ENABLE_OBJC_WEAK = YES;
				CODE_SIGN_STYLE = Automatic;
				DEVELOPMENT_TEAM = 3G276NH9UU;
				INFOPLIST_FILE = SwiftTemplateTests/Info.plist;
				IPHONEOS_DEPLOYMENT_TARGET = 12.0;
				LD_RUNPATH_SEARCH_PATHS = (
					"$(inherited)",
					"@executable_path/Frameworks",
					"@loader_path/Frameworks",
				);
				MTL_FAST_MATH = YES;
				PRODUCT_BUNDLE_IDENTIFIER = ba.klika.SwiftTemplateTests;
				PRODUCT_NAME = "$(TARGET_NAME)";
				SWIFT_VERSION = 4.2;
				TARGETED_DEVICE_FAMILY = "1,2";
				TEST_HOST = "$(BUILT_PRODUCTS_DIR)/SwiftTemplate.app/SwiftTemplate";
			};
			name = TestDebug;
		};
		607EE60F218488FD00DC6FED /* Release */ = {
			isa = XCBuildConfiguration;
			buildSettings = {
				BUNDLE_LOADER = "$(TEST_HOST)";
				CLANG_ENABLE_OBJC_WEAK = YES;
				CODE_SIGN_STYLE = Automatic;
				DEVELOPMENT_TEAM = 3G276NH9UU;
				INFOPLIST_FILE = SwiftTemplateTests/Info.plist;
				IPHONEOS_DEPLOYMENT_TARGET = 12.0;
				LD_RUNPATH_SEARCH_PATHS = (
					"$(inherited)",
					"@executable_path/Frameworks",
					"@loader_path/Frameworks",
				);
				MTL_FAST_MATH = YES;
				PRODUCT_BUNDLE_IDENTIFIER = ba.klika.SwiftTemplateTests;
				PRODUCT_NAME = "$(TARGET_NAME)";
				SWIFT_VERSION = 4.2;
				TARGETED_DEVICE_FAMILY = "1,2";
				TEST_HOST = "$(BUILT_PRODUCTS_DIR)/SwiftTemplate.app/SwiftTemplate";
			};
			name = Release;
		};
		607EE610218488FD00DC6FED /* TestRelease */ = {
			isa = XCBuildConfiguration;
			buildSettings = {
				BUNDLE_LOADER = "$(TEST_HOST)";
				CLANG_ENABLE_OBJC_WEAK = YES;
				CODE_SIGN_STYLE = Automatic;
				DEVELOPMENT_TEAM = 3G276NH9UU;
				INFOPLIST_FILE = SwiftTemplateTests/Info.plist;
				IPHONEOS_DEPLOYMENT_TARGET = 12.0;
				LD_RUNPATH_SEARCH_PATHS = (
					"$(inherited)",
					"@executable_path/Frameworks",
					"@loader_path/Frameworks",
				);
				MTL_FAST_MATH = YES;
				PRODUCT_BUNDLE_IDENTIFIER = ba.klika.SwiftTemplateTests;
				PRODUCT_NAME = "$(TARGET_NAME)";
				SWIFT_VERSION = 4.2;
				TARGETED_DEVICE_FAMILY = "1,2";
				TEST_HOST = "$(BUILT_PRODUCTS_DIR)/SwiftTemplate.app/SwiftTemplate";
			};
			name = TestRelease;
		};
/* End XCBuildConfiguration section */

/* Begin XCConfigurationList section */
		01DBF23D20B6FC1600DCEF1B /* Build configuration list for PBXProject "SwiftTemplate" */ = {
			isa = XCConfigurationList;
			buildConfigurations = (
				01DBF25220B6FC1600DCEF1B /* Debug */,
				01DBF25F20B700A200DCEF1B /* TestDebug */,
				01DBF25320B6FC1600DCEF1B /* Release */,
				01DBF26120B700AB00DCEF1B /* TestRelease */,
			);
			defaultConfigurationIsVisible = 0;
			defaultConfigurationName = Release;
		};
		01DBF25420B6FC1600DCEF1B /* Build configuration list for PBXNativeTarget "SwiftTemplate" */ = {
			isa = XCConfigurationList;
			buildConfigurations = (
				01DBF25520B6FC1600DCEF1B /* Debug */,
				01DBF26020B700A200DCEF1B /* TestDebug */,
				01DBF25620B6FC1600DCEF1B /* Release */,
				01DBF26220B700AB00DCEF1B /* TestRelease */,
			);
			defaultConfigurationIsVisible = 0;
			defaultConfigurationName = Release;
		};
		607EE611218488FD00DC6FED /* Build configuration list for PBXNativeTarget "SwiftTemplateTests" */ = {
			isa = XCConfigurationList;
			buildConfigurations = (
				607EE60D218488FD00DC6FED /* Debug */,
				607EE60E218488FD00DC6FED /* TestDebug */,
				607EE60F218488FD00DC6FED /* Release */,
				607EE610218488FD00DC6FED /* TestRelease */,
			);
			defaultConfigurationIsVisible = 0;
			defaultConfigurationName = Release;
		};
/* End XCConfigurationList section */

/* Begin XCRemoteSwiftPackageReference section */
		729E02F8256949FA00178580 /* XCRemoteSwiftPackageReference "alamofire" */ = {
			isa = XCRemoteSwiftPackageReference;
			repositoryURL = "https://github.com/alamofire/alamofire";
			requirement = {
				kind = upToNextMajorVersion;
				minimumVersion = 5.4.0;
			};
		};
		729E02FD25694A3700178580 /* XCRemoteSwiftPackageReference "Bond" */ = {
			isa = XCRemoteSwiftPackageReference;
			repositoryURL = "https://github.com/DeclarativeHub/Bond";
			requirement = {
				kind = upToNextMajorVersion;
				minimumVersion = 7.8.1;
			};
		};
		729E030225694BB200178580 /* XCRemoteSwiftPackageReference "realm-cocoa" */ = {
			isa = XCRemoteSwiftPackageReference;
			repositoryURL = "https://github.com/realm/realm-cocoa";
			requirement = {
				kind = upToNextMajorVersion;
				minimumVersion = 10.1.4;
			};
		};
		729E030925694CF200178580 /* XCRemoteSwiftPackageReference "appcenter-sdk-apple" */ = {
			isa = XCRemoteSwiftPackageReference;
			repositoryURL = "https://github.com/microsoft/appcenter-sdk-apple";
			requirement = {
				kind = upToNextMajorVersion;
				minimumVersion = 4.0.0;
			};
		};
/* End XCRemoteSwiftPackageReference section */

/* Begin XCSwiftPackageProductDependency section */
		729E02F9256949FA00178580 /* Alamofire */ = {
			isa = XCSwiftPackageProductDependency;
			package = 729E02F8256949FA00178580 /* XCRemoteSwiftPackageReference "alamofire" */;
			productName = Alamofire;
		};
		729E02FE25694A3700178580 /* Bond */ = {
			isa = XCSwiftPackageProductDependency;
			package = 729E02FD25694A3700178580 /* XCRemoteSwiftPackageReference "Bond" */;
			productName = Bond;
		};
		729E030325694BB200178580 /* RealmSwift */ = {
			isa = XCSwiftPackageProductDependency;
			package = 729E030225694BB200178580 /* XCRemoteSwiftPackageReference "realm-cocoa" */;
			productName = RealmSwift;
		};
		729E030525694BB200178580 /* Realm */ = {
			isa = XCSwiftPackageProductDependency;
			package = 729E030225694BB200178580 /* XCRemoteSwiftPackageReference "realm-cocoa" */;
			productName = Realm;
		};
		729E030A25694CF200178580 /* AppCenterCrashes */ = {
			isa = XCSwiftPackageProductDependency;
			package = 729E030925694CF200178580 /* XCRemoteSwiftPackageReference "appcenter-sdk-apple" */;
			productName = AppCenterCrashes;
		};
		729E030C25694CF200178580 /* AppCenterAnalytics */ = {
			isa = XCSwiftPackageProductDependency;
			package = 729E030925694CF200178580 /* XCRemoteSwiftPackageReference "appcenter-sdk-apple" */;
			productName = AppCenterAnalytics;
		};
/* End XCSwiftPackageProductDependency section */
	};
	rootObject = 01DBF23A20B6FC1600DCEF1B /* Project object */;
}
