PODS:
  - Alamofire (4.7.2)
  - AlamofireObjectMapper (5.0.0):
    - Alamofire (~> 4.1)
    - ObjectMapper (~> 3.0)
  - AppCenter (1.6.1):
    - AppCenter/Analytics (= 1.6.1)
    - AppCenter/Crashes (= 1.6.1)
  - AppCenter/Analytics (1.6.1):
    - AppCenter/Core
  - AppCenter/Core (1.6.1)
  - AppCenter/Crashes (1.6.1):
    - AppCenter/Core
  - ObjectMapper (3.1.0)
  - Realm (3.5.0):
    - Realm/Headers (= 3.5.0)
  - Realm/Headers (3.5.0)
  - RealmSwift (3.5.0):
    - Realm (= 3.5.0)
  - SwiftLint (0.25.1)

DEPENDENCIES:
  - Alamofire
  - AlamofireObjectMapper
  - AppCenter
  - ObjectMapper
  - RealmSwift
  - SwiftLint

SPEC REPOS:
  https://github.com/cocoapods/specs.git:
    - Alamofire
    - AlamofireObjectMapper
    - AppCenter
    - ObjectMapper
    - Realm
    - RealmSwift
    - SwiftLint

SPEC CHECKSUMS:
  Alamofire: e4fa87002c137ba2d8d634d2c51fabcda0d5c223
  AlamofireObjectMapper: 5fafc816351cbbc0d486611aaeba7461c0cbad49
  AppCenter: f9eb653a45cece34549232f295aec05260dfc24f
  ObjectMapper: 20505058f54e5c3ca69e1d6de9897d152a5369a6
  Realm: 0378021c424e4e2bd6a0e63b27881e929d9b9ad1
  RealmSwift: 3322562622fda2ad596985ead4d8d8be30cf838c
  SwiftLint: ce933681be10c3266e82576dad676fa815a602e9

PODFILE CHECKSUM: 1f6904e5bee9473a59de594fba4c2b3851ebc6da

COCOAPODS: 1.5.2
