PODS:
  - Alamofire (5.4.0)
  - AppCenter (2.2.0):
    - AppCenter/Analytics (= 2.2.0)
    - AppCenter/Crashes (= 2.2.0)
  - AppCenter/Analytics (2.2.0):
    - AppCenter/Core
  - AppCenter/Core (2.2.0)
  - AppCenter/Crashes (2.2.0):
    - AppCenter/Core
  - Bond (7.8.1):
    - Differ (~> 1.4)
    - ReactiveKit (~> 3.14)
  - Differ (1.4.5)
  - ObjectMapper (3.5.3)
  - ReactiveKit (3.17.4)
  - Realm (3.17.3):
    - Realm/Headers (= 3.17.3)
  - Realm/Headers (3.17.3)
  - RealmSwift (3.17.3):
    - Realm (= 3.17.3)
  - SwiftLint (0.34.0)

DEPENDENCIES:
  - Alamofire (~> 5.2)
  - AppCenter
  - Bond
  - ObjectMapper
  - RealmSwift
  - SwiftLint

SPEC REPOS:
  https://github.com/CocoaPods/Specs.git:
    - AppCenter
    - Realm
    - RealmSwift
    - SwiftLint
  trunk:
    - Alamofire
    - Bond
    - Differ
    - ObjectMapper
    - ReactiveKit

SPEC CHECKSUMS:
  Alamofire: 3b6a534a3df22db367e4dedeeca73d1ddfcf0e2f
  AppCenter: c809e69d93218b9861b4f8e54ded8dcf4d2131e7
  Bond: 87075c7f20f37ea3e73dc7057fce839787bf46eb
  Differ: 3b6bd78e2b20cc795d9a86f7641d087524e4273e
  ObjectMapper: 97111c97e054a6ee25917662106689f0b4127b37
  ReactiveKit: f9f9e079efa39312c597bf1508ef4810d111ce76
  Realm: 5a1d9d47bfc101dd597668b1a8af4288a2557f6d
  RealmSwift: b7fdc2d18616621c31df5c7a398a45a2163f8eb0
  SwiftLint: 79d48a17c6565dc286c37efb8322c7b450f95c67

PODFILE CHECKSUM: 7a62bc6dcfa4ac8fdf67e9b96dbd20adab6a519f

COCOAPODS: 1.10.0
